// !$*UTF8*$!
{
	archiveVersion = 1;
	classes = {
	};
	objectVersion = 50;
	objects = {

/* Begin PBXBuildFile section */
		DF8BBB2E20AB40F500EA157C /* AppDelegate.swift in Sources */ = {isa = PBXBuildFile; fileRef = DF8BBB2D20AB40F500EA157C /* AppDelegate.swift */; };
		DF8BBB3020AB40F500EA157C /* ViewController.swift in Sources */ = {isa = PBXBuildFile; fileRef = DF8BBB2F20AB40F500EA157C /* ViewController.swift */; };
		DF8BBB3320AB40F500EA157C /* Main.storyboard in Resources */ = {isa = PBXBuildFile; fileRef = DF8BBB3120AB40F500EA157C /* Main.storyboard */; };
		DF8BBB3520AB40F600EA157C /* Assets.xcassets in Resources */ = {isa = PBXBuildFile; fileRef = DF8BBB3420AB40F600EA157C /* Assets.xcassets */; };
		DF8BBB3820AB40F600EA157C /* LaunchScreen.storyboard in Resources */ = {isa = PBXBuildFile; fileRef = DF8BBB3620AB40F600EA157C /* LaunchScreen.storyboard */; };
		DF8BBB4920AB416E00EA157C /* ReusableScrollView.framework in Frameworks */ = {isa = PBXBuildFile; fileRef = DF8BBB4620AB415D00EA157C /* ReusableScrollView.framework */; };
		DF8BBB4A20AB416E00EA157C /* ReusableScrollView.framework in Embed Frameworks */ = {isa = PBXBuildFile; fileRef = DF8BBB4620AB415D00EA157C /* ReusableScrollView.framework */; settings = {ATTRIBUTES = (CodeSignOnCopy, RemoveHeadersOnCopy, ); }; };
/* End PBXBuildFile section */

/* Begin PBXContainerItemProxy section */
		DF8BBB4520AB415D00EA157C /* PBXContainerItemProxy */ = {
			isa = PBXContainerItemProxy;
			containerPortal = DF8BBB4020AB415D00EA157C /* ReusableScrollView.xcodeproj */;
			proxyType = 2;
			remoteGlobalIDString = DF75D2F9209F4B1C00685DB1;
			remoteInfo = ReusableScrollView;
		};
		DF8BBB4720AB415D00EA157C /* PBXContainerItemProxy */ = {
			isa = PBXContainerItemProxy;
			containerPortal = DF8BBB4020AB415D00EA157C /* ReusableScrollView.xcodeproj */;
			proxyType = 2;
			remoteGlobalIDString = DF75D302209F4B1C00685DB1;
			remoteInfo = ReusableScrollViewTests;
		};
		DF8BBB4B20AB416E00EA157C /* PBXContainerItemProxy */ = {
			isa = PBXContainerItemProxy;
			containerPortal = DF8BBB4020AB415D00EA157C /* ReusableScrollView.xcodeproj */;
			proxyType = 1;
			remoteGlobalIDString = DF75D2F8209F4B1C00685DB1;
			remoteInfo = ReusableScrollView;
		};
/* End PBXContainerItemProxy section */

/* Begin PBXCopyFilesBuildPhase section */
		DF8BBB4D20AB416E00EA157C /* Embed Frameworks */ = {
			isa = PBXCopyFilesBuildPhase;
			buildActionMask = 2147483647;
			dstPath = "";
			dstSubfolderSpec = 10;
			files = (
				DF8BBB4A20AB416E00EA157C /* ReusableScrollView.framework in Embed Frameworks */,
			);
			name = "Embed Frameworks";
			runOnlyForDeploymentPostprocessing = 0;
		};
/* End PBXCopyFilesBuildPhase section */

/* Begin PBXFileReference section */
		DF8BBB2A20AB40F500EA157C /* ReusableScrollView_iOS_Swift_Example.app */ = {isa = PBXFileReference; explicitFileType = wrapper.application; includeInIndex = 0; path = ReusableScrollView_iOS_Swift_Example.app; sourceTree = BUILT_PRODUCTS_DIR; };
		DF8BBB2D20AB40F500EA157C /* AppDelegate.swift */ = {isa = PBXFileReference; lastKnownFileType = sourcecode.swift; path = AppDelegate.swift; sourceTree = "<group>"; };
		DF8BBB2F20AB40F500EA157C /* ViewController.swift */ = {isa = PBXFileReference; lastKnownFileType = sourcecode.swift; path = ViewController.swift; sourceTree = "<group>"; };
		DF8BBB3220AB40F500EA157C /* Base */ = {isa = PBXFileReference; lastKnownFileType = file.storyboard; name = Base; path = Base.lproj/Main.storyboard; sourceTree = "<group>"; };
		DF8BBB3420AB40F600EA157C /* Assets.xcassets */ = {isa = PBXFileReference; lastKnownFileType = folder.assetcatalog; path = Assets.xcassets; sourceTree = "<group>"; };
		DF8BBB3720AB40F600EA157C /* Base */ = {isa = PBXFileReference; lastKnownFileType = file.storyboard; name = Base; path = Base.lproj/LaunchScreen.storyboard; sourceTree = "<group>"; };
		DF8BBB3920AB40F600EA157C /* Info.plist */ = {isa = PBXFileReference; lastKnownFileType = text.plist.xml; path = Info.plist; sourceTree = "<group>"; };
		DF8BBB4020AB415D00EA157C /* ReusableScrollView.xcodeproj */ = {isa = PBXFileReference; lastKnownFileType = "wrapper.pb-project"; name = ReusableScrollView.xcodeproj; path = ../../../ReusableScrollView.xcodeproj; sourceTree = "<group>"; };
/* End PBXFileReference section */

/* Begin PBXFrameworksBuildPhase section */
		DF8BBB2720AB40F500EA157C /* Frameworks */ = {
			isa = PBXFrameworksBuildPhase;
			buildActionMask = 2147483647;
			files = (
				DF8BBB4920AB416E00EA157C /* ReusableScrollView.framework in Frameworks */,
			);
			runOnlyForDeploymentPostprocessing = 0;
		};
/* End PBXFrameworksBuildPhase section */

/* Begin PBXGroup section */
		DF8BBB2120AB40F500EA157C = {
			isa = PBXGroup;
			children = (
				DF8BBB3F20AB413D00EA157C /* Frameworks */,
				DF8BBB2C20AB40F500EA157C /* ReusableScrollView_iOS_Swift_Example */,
				DF8BBB2B20AB40F500EA157C /* Products */,
			);
			sourceTree = "<group>";
		};
		DF8BBB2B20AB40F500EA157C /* Products */ = {
			isa = PBXGroup;
			children = (
				DF8BBB2A20AB40F500EA157C /* ReusableScrollView_iOS_Swift_Example.app */,
			);
			name = Products;
			sourceTree = "<group>";
		};
		DF8BBB2C20AB40F500EA157C /* ReusableScrollView_iOS_Swift_Example */ = {
			isa = PBXGroup;
			children = (
				DF8BBB2D20AB40F500EA157C /* AppDelegate.swift */,
				DF8BBB2F20AB40F500EA157C /* ViewController.swift */,
				DF8BBB3120AB40F500EA157C /* Main.storyboard */,
				DF8BBB3420AB40F600EA157C /* Assets.xcassets */,
				DF8BBB3620AB40F600EA157C /* LaunchScreen.storyboard */,
				DF8BBB3920AB40F600EA157C /* Info.plist */,
			);
			path = ReusableScrollView_iOS_Swift_Example;
			sourceTree = "<group>";
		};
		DF8BBB3F20AB413D00EA157C /* Frameworks */ = {
			isa = PBXGroup;
			children = (
				DF8BBB4020AB415D00EA157C /* ReusableScrollView.xcodeproj */,
			);
			path = Frameworks;
			sourceTree = "<group>";
		};
		DF8BBB4120AB415D00EA157C /* Products */ = {
			isa = PBXGroup;
			children = (
				DF8BBB4620AB415D00EA157C /* ReusableScrollView.framework */,
				DF8BBB4820AB415D00EA157C /* ReusableScrollViewTests.xctest */,
			);
			name = Products;
			sourceTree = "<group>";
		};
/* End PBXGroup section */

/* Begin PBXNativeTarget section */
		DF8BBB2920AB40F500EA157C /* ReusableScrollView_iOS_Swift_Example */ = {
			isa = PBXNativeTarget;
			buildConfigurationList = DF8BBB3C20AB40F600EA157C /* Build configuration list for PBXNativeTarget "ReusableScrollView_iOS_Swift_Example" */;
			buildPhases = (
				DF8BBB2620AB40F500EA157C /* Sources */,
				DF8BBB2720AB40F500EA157C /* Frameworks */,
				DF8BBB2820AB40F500EA157C /* Resources */,
				DF8BBB4D20AB416E00EA157C /* Embed Frameworks */,
			);
			buildRules = (
			);
			dependencies = (
				DF8BBB4C20AB416E00EA157C /* PBXTargetDependency */,
			);
			name = ReusableScrollView_iOS_Swift_Example;
			productName = ReusableScrollView_iOS_Swift_Example;
			productReference = DF8BBB2A20AB40F500EA157C /* ReusableScrollView_iOS_Swift_Example.app */;
			productType = "com.apple.product-type.application";
		};
/* End PBXNativeTarget section */

/* Begin PBXProject section */
		DF8BBB2220AB40F500EA157C /* Project object */ = {
			isa = PBXProject;
			attributes = {
				LastSwiftUpdateCheck = 0930;
				LastUpgradeCheck = 0930;
				ORGANIZATIONNAME = sumofighter666;
				TargetAttributes = {
					DF8BBB2920AB40F500EA157C = {
						CreatedOnToolsVersion = 9.3;
					};
				};
			};
			buildConfigurationList = DF8BBB2520AB40F500EA157C /* Build configuration list for PBXProject "ReusableScrollView_iOS_Swift_Example" */;
			compatibilityVersion = "Xcode 9.3";
			developmentRegion = en;
			hasScannedForEncodings = 0;
			knownRegions = (
				en,
				Base,
			);
			mainGroup = DF8BBB2120AB40F500EA157C;
			productRefGroup = DF8BBB2B20AB40F500EA157C /* Products */;
			projectDirPath = "";
			projectReferences = (
				{
					ProductGroup = DF8BBB4120AB415D00EA157C /* Products */;
					ProjectRef = DF8BBB4020AB415D00EA157C /* ReusableScrollView.xcodeproj */;
				},
			);
			projectRoot = "";
			targets = (
				DF8BBB2920AB40F500EA157C /* ReusableScrollView_iOS_Swift_Example */,
			);
		};
/* End PBXProject section */

/* Begin PBXReferenceProxy section */
		DF8BBB4620AB415D00EA157C /* ReusableScrollView.framework */ = {
			isa = PBXReferenceProxy;
			fileType = wrapper.framework;
			path = ReusableScrollView.framework;
			remoteRef = DF8BBB4520AB415D00EA157C /* PBXContainerItemProxy */;
			sourceTree = BUILT_PRODUCTS_DIR;
		};
		DF8BBB4820AB415D00EA157C /* ReusableScrollViewTests.xctest */ = {
			isa = PBXReferenceProxy;
			fileType = wrapper.cfbundle;
			path = ReusableScrollViewTests.xctest;
			remoteRef = DF8BBB4720AB415D00EA157C /* PBXContainerItemProxy */;
			sourceTree = BUILT_PRODUCTS_DIR;
		};
/* End PBXReferenceProxy section */

/* Begin PBXResourcesBuildPhase section */
		DF8BBB2820AB40F500EA157C /* Resources */ = {
			isa = PBXResourcesBuildPhase;
			buildActionMask = 2147483647;
			files = (
				DF8BBB3820AB40F600EA157C /* LaunchScreen.storyboard in Resources */,
				DF8BBB3520AB40F600EA157C /* Assets.xcassets in Resources */,
				DF8BBB3320AB40F500EA157C /* Main.storyboard in Resources */,
			);
			runOnlyForDeploymentPostprocessing = 0;
		};
/* End PBXResourcesBuildPhase section */

/* Begin PBXSourcesBuildPhase section */
		DF8BBB2620AB40F500EA157C /* Sources */ = {
			isa = PBXSourcesBuildPhase;
			buildActionMask = 2147483647;
			files = (
				DF8BBB3020AB40F500EA157C /* ViewController.swift in Sources */,
				DF8BBB2E20AB40F500EA157C /* AppDelegate.swift in Sources */,
			);
			runOnlyForDeploymentPostprocessing = 0;
		};
/* End PBXSourcesBuildPhase section */

/* Begin PBXTargetDependency section */
		DF8BBB4C20AB416E00EA157C /* PBXTargetDependency */ = {
			isa = PBXTargetDependency;
			name = ReusableScrollView;
			targetProxy = DF8BBB4B20AB416E00EA157C /* PBXContainerItemProxy */;
		};
/* End PBXTargetDependency section */

/* Begin PBXVariantGroup section */
		DF8BBB3120AB40F500EA157C /* Main.storyboard */ = {
			isa = PBXVariantGroup;
			children = (
				DF8BBB3220AB40F500EA157C /* Base */,
			);
			name = Main.storyboard;
			sourceTree = "<group>";
		};
		DF8BBB3620AB40F600EA157C /* LaunchScreen.storyboard */ = {
			isa = PBXVariantGroup;
			children = (
				DF8BBB3720AB40F600EA157C /* Base */,
			);
			name = LaunchScreen.storyboard;
			sourceTree = "<group>";
		};
/* End PBXVariantGroup section */

/* Begin XCBuildConfiguration section */
		DF8BBB3A20AB40F600EA157C /* Debug */ = {
			isa = XCBuildConfiguration;
			buildSettings = {
				ALWAYS_SEARCH_USER_PATHS = NO;
				CLANG_ANALYZER_NONNULL = YES;
				CLANG_ANALYZER_NUMBER_OBJECT_CONVERSION = YES_AGGRESSIVE;
				CLANG_CXX_LANGUAGE_STANDARD = "gnu++14";
				CLANG_CXX_LIBRARY = "libc++";
				CLANG_ENABLE_MODULES = YES;
				CLANG_ENABLE_OBJC_ARC = YES;
				CLANG_ENABLE_OBJC_WEAK = YES;
				CLANG_WARN_BLOCK_CAPTURE_AUTORELEASING = YES;
				CLANG_WARN_BOOL_CONVERSION = YES;
				CLANG_WARN_COMMA = YES;
				CLANG_WARN_CONSTANT_CONVERSION = YES;
				CLANG_WARN_DEPRECATED_OBJC_IMPLEMENTATIONS = YES;
				CLANG_WARN_DIRECT_OBJC_ISA_USAGE = YES_ERROR;
				CLANG_WARN_DOCUMENTATION_COMMENTS = YES;
				CLANG_WARN_EMPTY_BODY = YES;
				CLANG_WARN_ENUM_CONVERSION = YES;
				CLANG_WARN_INFINITE_RECURSION = YES;
				CLANG_WARN_INT_CONVERSION = YES;
				CLANG_WARN_NON_LITERAL_NULL_CONVERSION = YES;
				CLANG_WARN_OBJC_IMPLICIT_RETAIN_SELF = YES;
				CLANG_WARN_OBJC_LITERAL_CONVERSION = YES;
				CLANG_WARN_OBJC_ROOT_CLASS = YES_ERROR;
				CLANG_WARN_RANGE_LOOP_ANALYSIS = YES;
				CLANG_WARN_STRICT_PROTOTYPES = YES;
				CLANG_WARN_SUSPICIOUS_MOVE = YES;
				CLANG_WARN_UNGUARDED_AVAILABILITY = YES_AGGRESSIVE;
				CLANG_WARN_UNREACHABLE_CODE = YES;
				CLANG_WARN__DUPLICATE_METHOD_MATCH = YES;
				CODE_SIGN_IDENTITY = "iPhone Developer";
				COPY_PHASE_STRIP = NO;
				DEBUG_INFORMATION_FORMAT = dwarf;
				ENABLE_STRICT_OBJC_MSGSEND = YES;
				ENABLE_TESTABILITY = YES;
				GCC_C_LANGUAGE_STANDARD = gnu11;
				GCC_DYNAMIC_NO_PIC = NO;
				GCC_NO_COMMON_BLOCKS = YES;
				GCC_OPTIMIZATION_LEVEL = 0;
				GCC_PREPROCESSOR_DEFINITIONS = (
					"DEBUG=1",
					"$(inherited)",
				);
				GCC_WARN_64_TO_32_BIT_CONVERSION = YES;
				GCC_WARN_ABOUT_RETURN_TYPE = YES_ERROR;
				GCC_WARN_UNDECLARED_SELECTOR = YES;
				GCC_WARN_UNINITIALIZED_AUTOS = YES_AGGRESSIVE;
				GCC_WARN_UNUSED_FUNCTION = YES;
				GCC_WARN_UNUSED_VARIABLE = YES;
				IPHONEOS_DEPLOYMENT_TARGET = 11.3;
				MTL_ENABLE_DEBUG_INFO = YES;
				ONLY_ACTIVE_ARCH = YES;
				SDKROOT = iphoneos;
				SWIFT_ACTIVE_COMPILATION_CONDITIONS = DEBUG;
				SWIFT_OPTIMIZATION_LEVEL = "-Onone";
			};
			name = Debug;
		};
		DF8BBB3B20AB40F600EA157C /* Release */ = {
			isa = XCBuildConfiguration;
			buildSettings = {
				ALWAYS_SEARCH_USER_PATHS = NO;
				CLANG_ANALYZER_NONNULL = YES;
				CLANG_ANALYZER_NUMBER_OBJECT_CONVERSION = YES_AGGRESSIVE;
				CLANG_CXX_LANGUAGE_STANDARD = "gnu++14";
				CLANG_CXX_LIBRARY = "libc++";
				CLANG_ENABLE_MODULES = YES;
				CLANG_ENABLE_OBJC_ARC = YES;
				CLANG_ENABLE_OBJC_WEAK = YES;
				CLANG_WARN_BLOCK_CAPTURE_AUTORELEASING = YES;
				CLANG_WARN_BOOL_CONVERSION = YES;
				CLANG_WARN_COMMA = YES;
				CLANG_WARN_CONSTANT_CONVERSION = YES;
				CLANG_WARN_DEPRECATED_OBJC_IMPLEMENTATIONS = YES;
				CLANG_WARN_DIRECT_OBJC_ISA_USAGE = YES_ERROR;
				CLANG_WARN_DOCUMENTATION_COMMENTS = YES;
				CLANG_WARN_EMPTY_BODY = YES;
				CLANG_WARN_ENUM_CONVERSION = YES;
				CLANG_WARN_INFINITE_RECURSION = YES;
				CLANG_WARN_INT_CONVERSION = YES;
				CLANG_WARN_NON_LITERAL_NULL_CONVERSION = YES;
				CLANG_WARN_OBJC_IMPLICIT_RETAIN_SELF = YES;
				CLANG_WARN_OBJC_LITERAL_CONVERSION = YES;
				CLANG_WARN_OBJC_ROOT_CLASS = YES_ERROR;
				CLANG_WARN_RANGE_LOOP_ANALYSIS = YES;
				CLANG_WARN_STRICT_PROTOTYPES = YES;
				CLANG_WARN_SUSPICIOUS_MOVE = YES;
				CLANG_WARN_UNGUARDED_AVAILABILITY = YES_AGGRESSIVE;
				CLANG_WARN_UNREACHABLE_CODE = YES;
				CLANG_WARN__DUPLICATE_METHOD_MATCH = YES;
				CODE_SIGN_IDENTITY = "iPhone Developer";
				COPY_PHASE_STRIP = NO;
				DEBUG_INFORMATION_FORMAT = "dwarf-with-dsym";
				ENABLE_NS_ASSERTIONS = NO;
				ENABLE_STRICT_OBJC_MSGSEND = YES;
				GCC_C_LANGUAGE_STANDARD = gnu11;
				GCC_NO_COMMON_BLOCKS = YES;
				GCC_WARN_64_TO_32_BIT_CONVERSION = YES;
				GCC_WARN_ABOUT_RETURN_TYPE = YES_ERROR;
				GCC_WARN_UNDECLARED_SELECTOR = YES;
				GCC_WARN_UNINITIALIZED_AUTOS = YES_AGGRESSIVE;
				GCC_WARN_UNUSED_FUNCTION = YES;
				GCC_WARN_UNUSED_VARIABLE = YES;
				IPHONEOS_DEPLOYMENT_TARGET = 11.3;
				MTL_ENABLE_DEBUG_INFO = NO;
				SDKROOT = iphoneos;
				SWIFT_COMPILATION_MODE = wholemodule;
				SWIFT_OPTIMIZATION_LEVEL = "-O";
				VALIDATE_PRODUCT = YES;
			};
			name = Release;
		};
		DF8BBB3D20AB40F600EA157C /* Debug */ = {
			isa = XCBuildConfiguration;
			buildSettings = {
				ALWAYS_EMBED_SWIFT_STANDARD_LIBRARIES = YES;
				ASSETCATALOG_COMPILER_APPICON_NAME = AppIcon;
				CODE_SIGN_STYLE = Automatic;
				FRAMEWORK_SEARCH_PATHS = "$(SRCROOT)/../../ReusableScrollView";
				INFOPLIST_FILE = ReusableScrollView_iOS_Swift_Example/Info.plist;
				LD_RUNPATH_SEARCH_PATHS = (
					"$(inherited)",
					"@executable_path/Frameworks",
				);
				PRODUCT_BUNDLE_IDENTIFIER = "sumofighter666.ReusableScrollView-iOS-Swift-Example";
				PRODUCT_NAME = "$(TARGET_NAME)";
				SWIFT_VERSION = 4.0;
				TARGETED_DEVICE_FAMILY = 2;
			};
			name = Debug;
		};
		DF8BBB3E20AB40F600EA157C /* Release */ = {
			isa = XCBuildConfiguration;
			buildSettings = {
				ALWAYS_EMBED_SWIFT_STANDARD_LIBRARIES = YES;
				ASSETCATALOG_COMPILER_APPICON_NAME = AppIcon;
				CODE_SIGN_STYLE = Automatic;
				FRAMEWORK_SEARCH_PATHS = "$(SRCROOT)/../../ReusableScrollView";
				INFOPLIST_FILE = ReusableScrollView_iOS_Swift_Example/Info.plist;
				LD_RUNPATH_SEARCH_PATHS = (
					"$(inherited)",
					"@executable_path/Frameworks",
				);
				PRODUCT_BUNDLE_IDENTIFIER = "sumofighter666.ReusableScrollView-iOS-Swift-Example";
				PRODUCT_NAME = "$(TARGET_NAME)";
				SWIFT_VERSION = 4.0;
				TARGETED_DEVICE_FAMILY = 2;
			};
			name = Release;
		};
/* End XCBuildConfiguration section */

/* Begin XCConfigurationList section */
		DF8BBB2520AB40F500EA157C /* Build configuration list for PBXProject "ReusableScrollView_iOS_Swift_Example" */ = {
			isa = XCConfigurationList;
			buildConfigurations = (
				DF8BBB3A20AB40F600EA157C /* Debug */,
				DF8BBB3B20AB40F600EA157C /* Release */,
			);
			defaultConfigurationIsVisible = 0;
			defaultConfigurationName = Release;
		};
		DF8BBB3C20AB40F600EA157C /* Build configuration list for PBXNativeTarget "ReusableScrollView_iOS_Swift_Example" */ = {
			isa = XCConfigurationList;
			buildConfigurations = (
				DF8BBB3D20AB40F600EA157C /* Debug */,
				DF8BBB3E20AB40F600EA157C /* Release */,
			);
			defaultConfigurationIsVisible = 0;
			defaultConfigurationName = Release;
		};
/* End XCConfigurationList section */
	};
	rootObject = DF8BBB2220AB40F500EA157C /* Project object */;
}
