// !$*UTF8*$!
{
	archiveVersion = 1;
	classes = {
	};
	objectVersion = 50;
	objects = {

/* Begin PBXBuildFile section */
		DF75D2D0209F4AF500685DB1 /* AppDelegate.swift in Sources */ = {isa = PBXBuildFile; fileRef = DF75D2CF209F4AF500685DB1 /* AppDelegate.swift */; };
		DF75D2D2209F4AF500685DB1 /* ViewController.swift in Sources */ = {isa = PBXBuildFile; fileRef = DF75D2D1209F4AF500685DB1 /* ViewController.swift */; };
		DF75D2D5209F4AF500685DB1 /* Main.storyboard in Resources */ = {isa = PBXBuildFile; fileRef = DF75D2D3209F4AF500685DB1 /* Main.storyboard */; };
		DF75D2D7209F4AF600685DB1 /* Assets.xcassets in Resources */ = {isa = PBXBuildFile; fileRef = DF75D2D6209F4AF600685DB1 /* Assets.xcassets */; };
		DF75D2DA209F4AF600685DB1 /* LaunchScreen.storyboard in Resources */ = {isa = PBXBuildFile; fileRef = DF75D2D8209F4AF600685DB1 /* LaunchScreen.storyboard */; };
		DF75D2E5209F4AF600685DB1 /* ReusableScrollView_iOS_ExampleTests.swift in Sources */ = {isa = PBXBuildFile; fileRef = DF75D2E4209F4AF600685DB1 /* ReusableScrollView_iOS_ExampleTests.swift */; };
		DF75D314209F4BAF00685DB1 /* ContentView.swift in Sources */ = {isa = PBXBuildFile; fileRef = DF75D313209F4BAF00685DB1 /* ContentView.swift */; };
		DF75D337209F4D8700685DB1 /* ReusableScrollView.framework in Frameworks */ = {isa = PBXBuildFile; fileRef = DF75D31C209F4C6600685DB1 /* ReusableScrollView.framework */; };
		DF75D338209F4D8700685DB1 /* ReusableScrollView.framework in Embed Frameworks */ = {isa = PBXBuildFile; fileRef = DF75D31C209F4C6600685DB1 /* ReusableScrollView.framework */; settings = {ATTRIBUTES = (CodeSignOnCopy, RemoveHeadersOnCopy, ); }; };
/* End PBXBuildFile section */

/* Begin PBXContainerItemProxy section */
		DF75D2E1209F4AF600685DB1 /* PBXContainerItemProxy */ = {
			isa = PBXContainerItemProxy;
			containerPortal = DF75D2C4209F4AF500685DB1 /* Project object */;
			proxyType = 1;
			remoteGlobalIDString = DF75D2CB209F4AF500685DB1;
			remoteInfo = ReusableScrollView_iOS_Example;
		};
		DF75D31B209F4C6600685DB1 /* PBXContainerItemProxy */ = {
			isa = PBXContainerItemProxy;
			containerPortal = DF75D316209F4C6600685DB1 /* ReusableScrollView.xcodeproj */;
			proxyType = 2;
			remoteGlobalIDString = DF75D2F9209F4B1C00685DB1;
			remoteInfo = ReusableScrollView;
		};
		DF75D31D209F4C6600685DB1 /* PBXContainerItemProxy */ = {
			isa = PBXContainerItemProxy;
			containerPortal = DF75D316209F4C6600685DB1 /* ReusableScrollView.xcodeproj */;
			proxyType = 2;
			remoteGlobalIDString = DF75D302209F4B1C00685DB1;
			remoteInfo = ReusableScrollViewTests;
		};
		DF75D339209F4D8700685DB1 /* PBXContainerItemProxy */ = {
			isa = PBXContainerItemProxy;
			containerPortal = DF75D316209F4C6600685DB1 /* ReusableScrollView.xcodeproj */;
			proxyType = 1;
			remoteGlobalIDString = DF75D2F8209F4B1C00685DB1;
			remoteInfo = ReusableScrollView;
		};
/* End PBXContainerItemProxy section */

/* Begin PBXCopyFilesBuildPhase section */
		DF75D33B209F4D8700685DB1 /* Embed Frameworks */ = {
			isa = PBXCopyFilesBuildPhase;
			buildActionMask = 2147483647;
			dstPath = "";
			dstSubfolderSpec = 10;
			files = (
				DF75D338209F4D8700685DB1 /* ReusableScrollView.framework in Embed Frameworks */,
			);
			name = "Embed Frameworks";
			runOnlyForDeploymentPostprocessing = 0;
		};
/* End PBXCopyFilesBuildPhase section */

/* Begin PBXFileReference section */
		DF75D2CC209F4AF500685DB1 /* ReusableScrollView_iOS_Example.app */ = {isa = PBXFileReference; explicitFileType = wrapper.application; includeInIndex = 0; path = ReusableScrollView_iOS_Example.app; sourceTree = BUILT_PRODUCTS_DIR; };
		DF75D2CF209F4AF500685DB1 /* AppDelegate.swift */ = {isa = PBXFileReference; lastKnownFileType = sourcecode.swift; path = AppDelegate.swift; sourceTree = "<group>"; };
		DF75D2D1209F4AF500685DB1 /* ViewController.swift */ = {isa = PBXFileReference; lastKnownFileType = sourcecode.swift; path = ViewController.swift; sourceTree = "<group>"; };
		DF75D2D4209F4AF500685DB1 /* Base */ = {isa = PBXFileReference; lastKnownFileType = file.storyboard; name = Base; path = Base.lproj/Main.storyboard; sourceTree = "<group>"; };
		DF75D2D6209F4AF600685DB1 /* Assets.xcassets */ = {isa = PBXFileReference; lastKnownFileType = folder.assetcatalog; path = Assets.xcassets; sourceTree = "<group>"; };
		DF75D2D9209F4AF600685DB1 /* Base */ = {isa = PBXFileReference; lastKnownFileType = file.storyboard; name = Base; path = Base.lproj/LaunchScreen.storyboard; sourceTree = "<group>"; };
		DF75D2DB209F4AF600685DB1 /* Info.plist */ = {isa = PBXFileReference; lastKnownFileType = text.plist.xml; path = Info.plist; sourceTree = "<group>"; };
		DF75D2E0209F4AF600685DB1 /* ReusableScrollView_iOS_ExampleTests.xctest */ = {isa = PBXFileReference; explicitFileType = wrapper.cfbundle; includeInIndex = 0; path = ReusableScrollView_iOS_ExampleTests.xctest; sourceTree = BUILT_PRODUCTS_DIR; };
		DF75D2E4209F4AF600685DB1 /* ReusableScrollView_iOS_ExampleTests.swift */ = {isa = PBXFileReference; lastKnownFileType = sourcecode.swift; path = ReusableScrollView_iOS_ExampleTests.swift; sourceTree = "<group>"; };
		DF75D2E6209F4AF600685DB1 /* Info.plist */ = {isa = PBXFileReference; lastKnownFileType = text.plist.xml; path = Info.plist; sourceTree = "<group>"; };
		DF75D313209F4BAF00685DB1 /* ContentView.swift */ = {isa = PBXFileReference; lastKnownFileType = sourcecode.swift; path = ContentView.swift; sourceTree = "<group>"; };
		DF75D316209F4C6600685DB1 /* ReusableScrollView.xcodeproj */ = {isa = PBXFileReference; lastKnownFileType = "wrapper.pb-project"; name = ReusableScrollView.xcodeproj; path = ../../ReusableScrollView.xcodeproj; sourceTree = "<group>"; };
/* End PBXFileReference section */

/* Begin PBXFrameworksBuildPhase section */
		DF75D2C9209F4AF500685DB1 /* Frameworks */ = {
			isa = PBXFrameworksBuildPhase;
			buildActionMask = 2147483647;
			files = (
				DF75D337209F4D8700685DB1 /* ReusableScrollView.framework in Frameworks */,
			);
			runOnlyForDeploymentPostprocessing = 0;
		};
		DF75D2DD209F4AF600685DB1 /* Frameworks */ = {
			isa = PBXFrameworksBuildPhase;
			buildActionMask = 2147483647;
			files = (
			);
			runOnlyForDeploymentPostprocessing = 0;
		};
/* End PBXFrameworksBuildPhase section */

/* Begin PBXGroup section */
		DF75D2C3209F4AF500685DB1 = {
			isa = PBXGroup;
			children = (
				DF75D315209F4C5600685DB1 /* Frameworks */,
				DF75D2CE209F4AF500685DB1 /* ReusableScrollView_iOS_Example */,
				DF75D2E3209F4AF600685DB1 /* ReusableScrollView_iOS_ExampleTests */,
				DF75D2CD209F4AF500685DB1 /* Products */,
			);
			sourceTree = "<group>";
		};
		DF75D2CD209F4AF500685DB1 /* Products */ = {
			isa = PBXGroup;
			children = (
				DF75D2CC209F4AF500685DB1 /* ReusableScrollView_iOS_Example.app */,
				DF75D2E0209F4AF600685DB1 /* ReusableScrollView_iOS_ExampleTests.xctest */,
			);
			name = Products;
			sourceTree = "<group>";
		};
		DF75D2CE209F4AF500685DB1 /* ReusableScrollView_iOS_Example */ = {
			isa = PBXGroup;
			children = (
				DF75D2CF209F4AF500685DB1 /* AppDelegate.swift */,
				DF75D2D1209F4AF500685DB1 /* ViewController.swift */,
				DF75D313209F4BAF00685DB1 /* ContentView.swift */,
				DF75D2D3209F4AF500685DB1 /* Main.storyboard */,
				DF75D2D6209F4AF600685DB1 /* Assets.xcassets */,
				DF75D2D8209F4AF600685DB1 /* LaunchScreen.storyboard */,
				DF75D2DB209F4AF600685DB1 /* Info.plist */,
			);
			path = ReusableScrollView_iOS_Example;
			sourceTree = "<group>";
		};
		DF75D2E3209F4AF600685DB1 /* ReusableScrollView_iOS_ExampleTests */ = {
			isa = PBXGroup;
			children = (
				DF75D2E4209F4AF600685DB1 /* ReusableScrollView_iOS_ExampleTests.swift */,
				DF75D2E6209F4AF600685DB1 /* Info.plist */,
			);
			path = ReusableScrollView_iOS_ExampleTests;
			sourceTree = "<group>";
		};
		DF75D315209F4C5600685DB1 /* Frameworks */ = {
			isa = PBXGroup;
			children = (
				DF75D316209F4C6600685DB1 /* ReusableScrollView.xcodeproj */,
			);
			path = Frameworks;
			sourceTree = "<group>";
		};
		DF75D317209F4C6600685DB1 /* Products */ = {
			isa = PBXGroup;
			children = (
				DF75D31C209F4C6600685DB1 /* ReusableScrollView.framework */,
				DF75D31E209F4C6600685DB1 /* ReusableScrollViewTests.xctest */,
			);
			name = Products;
			sourceTree = "<group>";
		};
/* End PBXGroup section */

/* Begin PBXNativeTarget section */
		DF75D2CB209F4AF500685DB1 /* ReusableScrollView_iOS_Example */ = {
			isa = PBXNativeTarget;
			buildConfigurationList = DF75D2E9209F4AF600685DB1 /* Build configuration list for PBXNativeTarget "ReusableScrollView_iOS_Example" */;
			buildPhases = (
				DF75D2C8209F4AF500685DB1 /* Sources */,
				DF75D2C9209F4AF500685DB1 /* Frameworks */,
				DF75D2CA209F4AF500685DB1 /* Resources */,
				DF75D33B209F4D8700685DB1 /* Embed Frameworks */,
			);
			buildRules = (
			);
			dependencies = (
				DF75D33A209F4D8700685DB1 /* PBXTargetDependency */,
			);
			name = ReusableScrollView_iOS_Example;
			productName = ReusableScrollView_iOS_Example;
			productReference = DF75D2CC209F4AF500685DB1 /* ReusableScrollView_iOS_Example.app */;
			productType = "com.apple.product-type.application";
		};
		DF75D2DF209F4AF600685DB1 /* ReusableScrollView_iOS_ExampleTests */ = {
			isa = PBXNativeTarget;
			buildConfigurationList = DF75D2EC209F4AF600685DB1 /* Build configuration list for PBXNativeTarget "ReusableScrollView_iOS_ExampleTests" */;
			buildPhases = (
				DF75D2DC209F4AF600685DB1 /* Sources */,
				DF75D2DD209F4AF600685DB1 /* Frameworks */,
				DF75D2DE209F4AF600685DB1 /* Resources */,
			);
			buildRules = (
			);
			dependencies = (
				DF75D2E2209F4AF600685DB1 /* PBXTargetDependency */,
			);
			name = ReusableScrollView_iOS_ExampleTests;
			productName = ReusableScrollView_iOS_ExampleTests;
			productReference = DF75D2E0209F4AF600685DB1 /* ReusableScrollView_iOS_ExampleTests.xctest */;
			productType = "com.apple.product-type.bundle.unit-test";
		};
/* End PBXNativeTarget section */

/* Begin PBXProject section */
		DF75D2C4209F4AF500685DB1 /* Project object */ = {
			isa = PBXProject;
			attributes = {
				LastSwiftUpdateCheck = 0930;
				LastUpgradeCheck = 0930;
				ORGANIZATIONNAME = sumofighter666;
				TargetAttributes = {
					DF75D2CB209F4AF500685DB1 = {
						CreatedOnToolsVersion = 9.3;
					};
					DF75D2DF209F4AF600685DB1 = {
						CreatedOnToolsVersion = 9.3;
						TestTargetID = DF75D2CB209F4AF500685DB1;
					};
				};
			};
			buildConfigurationList = DF75D2C7209F4AF500685DB1 /* Build configuration list for PBXProject "ReusableScrollView_iOS_Example" */;
			compatibilityVersion = "Xcode 9.3";
			developmentRegion = en;
			hasScannedForEncodings = 0;
			knownRegions = (
				en,
				Base,
			);
			mainGroup = DF75D2C3209F4AF500685DB1;
			productRefGroup = DF75D2CD209F4AF500685DB1 /* Products */;
			projectDirPath = "";
			projectReferences = (
				{
					ProductGroup = DF75D317209F4C6600685DB1 /* Products */;
					ProjectRef = DF75D316209F4C6600685DB1 /* ReusableScrollView.xcodeproj */;
				},
			);
			projectRoot = "";
			targets = (
				DF75D2CB209F4AF500685DB1 /* ReusableScrollView_iOS_Example */,
				DF75D2DF209F4AF600685DB1 /* ReusableScrollView_iOS_ExampleTests */,
			);
		};
/* End PBXProject section */

/* Begin PBXReferenceProxy section */
		DF75D31C209F4C6600685DB1 /* ReusableScrollView.framework */ = {
			isa = PBXReferenceProxy;
			fileType = wrapper.framework;
			path = ReusableScrollView.framework;
			remoteRef = DF75D31B209F4C6600685DB1 /* PBXContainerItemProxy */;
			sourceTree = BUILT_PRODUCTS_DIR;
		};
		DF75D31E209F4C6600685DB1 /* ReusableScrollViewTests.xctest */ = {
			isa = PBXReferenceProxy;
			fileType = wrapper.cfbundle;
			path = ReusableScrollViewTests.xctest;
			remoteRef = DF75D31D209F4C6600685DB1 /* PBXContainerItemProxy */;
			sourceTree = BUILT_PRODUCTS_DIR;
		};
/* End PBXReferenceProxy section */

/* Begin PBXResourcesBuildPhase section */
		DF75D2CA209F4AF500685DB1 /* Resources */ = {
			isa = PBXResourcesBuildPhase;
			buildActionMask = 2147483647;
			files = (
				DF75D2DA209F4AF600685DB1 /* LaunchScreen.storyboard in Resources */,
				DF75D2D7209F4AF600685DB1 /* Assets.xcassets in Resources */,
				DF75D2D5209F4AF500685DB1 /* Main.storyboard in Resources */,
			);
			runOnlyForDeploymentPostprocessing = 0;
		};
		DF75D2DE209F4AF600685DB1 /* Resources */ = {
			isa = PBXResourcesBuildPhase;
			buildActionMask = 2147483647;
			files = (
			);
			runOnlyForDeploymentPostprocessing = 0;
		};
/* End PBXResourcesBuildPhase section */

/* Begin PBXSourcesBuildPhase section */
		DF75D2C8209F4AF500685DB1 /* Sources */ = {
			isa = PBXSourcesBuildPhase;
			buildActionMask = 2147483647;
			files = (
				DF75D2D2209F4AF500685DB1 /* ViewController.swift in Sources */,
				DF75D2D0209F4AF500685DB1 /* AppDelegate.swift in Sources */,
				DF75D314209F4BAF00685DB1 /* ContentView.swift in Sources */,
			);
			runOnlyForDeploymentPostprocessing = 0;
		};
		DF75D2DC209F4AF600685DB1 /* Sources */ = {
			isa = PBXSourcesBuildPhase;
			buildActionMask = 2147483647;
			files = (
				DF75D2E5209F4AF600685DB1 /* ReusableScrollView_iOS_ExampleTests.swift in Sources */,
			);
			runOnlyForDeploymentPostprocessing = 0;
		};
/* End PBXSourcesBuildPhase section */

/* Begin PBXTargetDependency section */
		DF75D2E2209F4AF600685DB1 /* PBXTargetDependency */ = {
			isa = PBXTargetDependency;
			target = DF75D2CB209F4AF500685DB1 /* ReusableScrollView_iOS_Example */;
			targetProxy = DF75D2E1209F4AF600685DB1 /* PBXContainerItemProxy */;
		};
		DF75D33A209F4D8700685DB1 /* PBXTargetDependency */ = {
			isa = PBXTargetDependency;
			name = ReusableScrollView;
			targetProxy = DF75D339209F4D8700685DB1 /* PBXContainerItemProxy */;
		};
/* End PBXTargetDependency section */

/* Begin PBXVariantGroup section */
		DF75D2D3209F4AF500685DB1 /* Main.storyboard */ = {
			isa = PBXVariantGroup;
			children = (
				DF75D2D4209F4AF500685DB1 /* Base */,
			);
			name = Main.storyboard;
			sourceTree = "<group>";
		};
		DF75D2D8209F4AF600685DB1 /* LaunchScreen.storyboard */ = {
			isa = PBXVariantGroup;
			children = (
				DF75D2D9209F4AF600685DB1 /* Base */,
			);
			name = LaunchScreen.storyboard;
			sourceTree = "<group>";
		};
/* End PBXVariantGroup section */

/* Begin XCBuildConfiguration section */
		DF75D2E7209F4AF600685DB1 /* Debug */ = {
			isa = XCBuildConfiguration;
			buildSettings = {
				ALWAYS_SEARCH_USER_PATHS = NO;
				CLANG_ANALYZER_NONNULL = YES;
				CLANG_ANALYZER_NUMBER_OBJECT_CONVERSION = YES_AGGRESSIVE;
				CLANG_CXX_LANGUAGE_STANDARD = "gnu++14";
				CLANG_CXX_LIBRARY = "libc++";
				CLANG_ENABLE_MODULES = YES;
				CLANG_ENABLE_OBJC_ARC = YES;
				CLANG_ENABLE_OBJC_WEAK = YES;
				CLANG_WARN_BLOCK_CAPTURE_AUTORELEASING = YES;
				CLANG_WARN_BOOL_CONVERSION = YES;
				CLANG_WARN_COMMA = YES;
				CLANG_WARN_CONSTANT_CONVERSION = YES;
				CLANG_WARN_DEPRECATED_OBJC_IMPLEMENTATIONS = YES;
				CLANG_WARN_DIRECT_OBJC_ISA_USAGE = YES_ERROR;
				CLANG_WARN_DOCUMENTATION_COMMENTS = YES;
				CLANG_WARN_EMPTY_BODY = YES;
				CLANG_WARN_ENUM_CONVERSION = YES;
				CLANG_WARN_INFINITE_RECURSION = YES;
				CLANG_WARN_INT_CONVERSION = YES;
				CLANG_WARN_NON_LITERAL_NULL_CONVERSION = YES;
				CLANG_WARN_OBJC_IMPLICIT_RETAIN_SELF = YES;
				CLANG_WARN_OBJC_LITERAL_CONVERSION = YES;
				CLANG_WARN_OBJC_ROOT_CLASS = YES_ERROR;
				CLANG_WARN_RANGE_LOOP_ANALYSIS = YES;
				CLANG_WARN_STRICT_PROTOTYPES = YES;
				CLANG_WARN_SUSPICIOUS_MOVE = YES;
				CLANG_WARN_UNGUARDED_AVAILABILITY = YES_AGGRESSIVE;
				CLANG_WARN_UNREACHABLE_CODE = YES;
				CLANG_WARN__DUPLICATE_METHOD_MATCH = YES;
				CODE_SIGN_IDENTITY = "iPhone Developer";
				COPY_PHASE_STRIP = NO;
				DEBUG_INFORMATION_FORMAT = dwarf;
				ENABLE_STRICT_OBJC_MSGSEND = YES;
				ENABLE_TESTABILITY = YES;
				GCC_C_LANGUAGE_STANDARD = gnu11;
				GCC_DYNAMIC_NO_PIC = NO;
				GCC_NO_COMMON_BLOCKS = YES;
				GCC_OPTIMIZATION_LEVEL = 0;
				GCC_PREPROCESSOR_DEFINITIONS = (
					"DEBUG=1",
					"$(inherited)",
				);
				GCC_WARN_64_TO_32_BIT_CONVERSION = YES;
				GCC_WARN_ABOUT_RETURN_TYPE = YES_ERROR;
				GCC_WARN_UNDECLARED_SELECTOR = YES;
				GCC_WARN_UNINITIALIZED_AUTOS = YES_AGGRESSIVE;
				GCC_WARN_UNUSED_FUNCTION = YES;
				GCC_WARN_UNUSED_VARIABLE = YES;
				IPHONEOS_DEPLOYMENT_TARGET = 11.3;
				MTL_ENABLE_DEBUG_INFO = YES;
				ONLY_ACTIVE_ARCH = YES;
				SDKROOT = iphoneos;
				SWIFT_ACTIVE_COMPILATION_CONDITIONS = DEBUG;
				SWIFT_OPTIMIZATION_LEVEL = "-Onone";
			};
			name = Debug;
		};
		DF75D2E8209F4AF600685DB1 /* Release */ = {
			isa = XCBuildConfiguration;
			buildSettings = {
				ALWAYS_SEARCH_USER_PATHS = NO;
				CLANG_ANALYZER_NONNULL = YES;
				CLANG_ANALYZER_NUMBER_OBJECT_CONVERSION = YES_AGGRESSIVE;
				CLANG_CXX_LANGUAGE_STANDARD = "gnu++14";
				CLANG_CXX_LIBRARY = "libc++";
				CLANG_ENABLE_MODULES = YES;
				CLANG_ENABLE_OBJC_ARC = YES;
				CLANG_ENABLE_OBJC_WEAK = YES;
				CLANG_WARN_BLOCK_CAPTURE_AUTORELEASING = YES;
				CLANG_WARN_BOOL_CONVERSION = YES;
				CLANG_WARN_COMMA = YES;
				CLANG_WARN_CONSTANT_CONVERSION = YES;
				CLANG_WARN_DEPRECATED_OBJC_IMPLEMENTATIONS = YES;
				CLANG_WARN_DIRECT_OBJC_ISA_USAGE = YES_ERROR;
				CLANG_WARN_DOCUMENTATION_COMMENTS = YES;
				CLANG_WARN_EMPTY_BODY = YES;
				CLANG_WARN_ENUM_CONVERSION = YES;
				CLANG_WARN_INFINITE_RECURSION = YES;
				CLANG_WARN_INT_CONVERSION = YES;
				CLANG_WARN_NON_LITERAL_NULL_CONVERSION = YES;
				CLANG_WARN_OBJC_IMPLICIT_RETAIN_SELF = YES;
				CLANG_WARN_OBJC_LITERAL_CONVERSION = YES;
				CLANG_WARN_OBJC_ROOT_CLASS = YES_ERROR;
				CLANG_WARN_RANGE_LOOP_ANALYSIS = YES;
				CLANG_WARN_STRICT_PROTOTYPES = YES;
				CLANG_WARN_SUSPICIOUS_MOVE = YES;
				CLANG_WARN_UNGUARDED_AVAILABILITY = YES_AGGRESSIVE;
				CLANG_WARN_UNREACHABLE_CODE = YES;
				CLANG_WARN__DUPLICATE_METHOD_MATCH = YES;
				CODE_SIGN_IDENTITY = "iPhone Developer";
				COPY_PHASE_STRIP = NO;
				DEBUG_INFORMATION_FORMAT = "dwarf-with-dsym";
				ENABLE_NS_ASSERTIONS = NO;
				ENABLE_STRICT_OBJC_MSGSEND = YES;
				GCC_C_LANGUAGE_STANDARD = gnu11;
				GCC_NO_COMMON_BLOCKS = YES;
				GCC_WARN_64_TO_32_BIT_CONVERSION = YES;
				GCC_WARN_ABOUT_RETURN_TYPE = YES_ERROR;
				GCC_WARN_UNDECLARED_SELECTOR = YES;
				GCC_WARN_UNINITIALIZED_AUTOS = YES_AGGRESSIVE;
				GCC_WARN_UNUSED_FUNCTION = YES;
				GCC_WARN_UNUSED_VARIABLE = YES;
				IPHONEOS_DEPLOYMENT_TARGET = 11.3;
				MTL_ENABLE_DEBUG_INFO = NO;
				SDKROOT = iphoneos;
				SWIFT_COMPILATION_MODE = wholemodule;
				SWIFT_OPTIMIZATION_LEVEL = "-O";
				VALIDATE_PRODUCT = YES;
			};
			name = Release;
		};
		DF75D2EA209F4AF600685DB1 /* Debug */ = {
			isa = XCBuildConfiguration;
			buildSettings = {
				ALWAYS_EMBED_SWIFT_STANDARD_LIBRARIES = YES;
				ASSETCATALOG_COMPILER_APPICON_NAME = AppIcon;
				CODE_SIGN_STYLE = Automatic;
				FRAMEWORK_SEARCH_PATHS = "$(SRCROOT)/ReusableScrollView";
				INFOPLIST_FILE = ReusableScrollView_iOS_Example/Info.plist;
				LD_RUNPATH_SEARCH_PATHS = (
					"$(inherited)",
					"@executable_path/Frameworks",
				);
				PRODUCT_BUNDLE_IDENTIFIER = "sumofighter666.ReusableScrollView-iOS-Example";
				PRODUCT_NAME = "$(TARGET_NAME)";
				SWIFT_VERSION = 4.0;
				TARGETED_DEVICE_FAMILY = 2;
			};
			name = Debug;
		};
		DF75D2EB209F4AF600685DB1 /* Release */ = {
			isa = XCBuildConfiguration;
			buildSettings = {
				ALWAYS_EMBED_SWIFT_STANDARD_LIBRARIES = YES;
				ASSETCATALOG_COMPILER_APPICON_NAME = AppIcon;
				CODE_SIGN_STYLE = Automatic;
				FRAMEWORK_SEARCH_PATHS = "$(SRCROOT)/ReusableScrollView";
				INFOPLIST_FILE = ReusableScrollView_iOS_Example/Info.plist;
				LD_RUNPATH_SEARCH_PATHS = (
					"$(inherited)",
					"@executable_path/Frameworks",
				);
				PRODUCT_BUNDLE_IDENTIFIER = "sumofighter666.ReusableScrollView-iOS-Example";
				PRODUCT_NAME = "$(TARGET_NAME)";
				SWIFT_VERSION = 4.0;
				TARGETED_DEVICE_FAMILY = 2;
			};
			name = Release;
		};
		DF75D2ED209F4AF600685DB1 /* Debug */ = {
			isa = XCBuildConfiguration;
			buildSettings = {
				ALWAYS_EMBED_SWIFT_STANDARD_LIBRARIES = YES;
				BUNDLE_LOADER = "$(TEST_HOST)";
				CODE_SIGN_STYLE = Automatic;
				INFOPLIST_FILE = ReusableScrollView_iOS_ExampleTests/Info.plist;
				LD_RUNPATH_SEARCH_PATHS = (
					"$(inherited)",
					"@executable_path/Frameworks",
					"@loader_path/Frameworks",
				);
				PRODUCT_BUNDLE_IDENTIFIER = "sumofighter666.ReusableScrollView-iOS-ExampleTests";
				PRODUCT_NAME = "$(TARGET_NAME)";
				SWIFT_VERSION = 4.0;
				TARGETED_DEVICE_FAMILY = "1,2";
				TEST_HOST = "$(BUILT_PRODUCTS_DIR)/ReusableScrollView_iOS_Example.app/ReusableScrollView_iOS_Example";
			};
			name = Debug;
		};
		DF75D2EE209F4AF600685DB1 /* Release */ = {
			isa = XCBuildConfiguration;
			buildSettings = {
				ALWAYS_EMBED_SWIFT_STANDARD_LIBRARIES = YES;
				BUNDLE_LOADER = "$(TEST_HOST)";
				CODE_SIGN_STYLE = Automatic;
				INFOPLIST_FILE = ReusableScrollView_iOS_ExampleTests/Info.plist;
				LD_RUNPATH_SEARCH_PATHS = (
					"$(inherited)",
					"@executable_path/Frameworks",
					"@loader_path/Frameworks",
				);
				PRODUCT_BUNDLE_IDENTIFIER = "sumofighter666.ReusableScrollView-iOS-ExampleTests";
				PRODUCT_NAME = "$(TARGET_NAME)";
				SWIFT_VERSION = 4.0;
				TARGETED_DEVICE_FAMILY = "1,2";
				TEST_HOST = "$(BUILT_PRODUCTS_DIR)/ReusableScrollView_iOS_Example.app/ReusableScrollView_iOS_Example";
			};
			name = Release;
		};
/* End XCBuildConfiguration section */

/* Begin XCConfigurationList section */
		DF75D2C7209F4AF500685DB1 /* Build configuration list for PBXProject "ReusableScrollView_iOS_Example" */ = {
			isa = XCConfigurationList;
			buildConfigurations = (
				DF75D2E7209F4AF600685DB1 /* Debug */,
				DF75D2E8209F4AF600685DB1 /* Release */,
			);
			defaultConfigurationIsVisible = 0;
			defaultConfigurationName = Release;
		};
		DF75D2E9209F4AF600685DB1 /* Build configuration list for PBXNativeTarget "ReusableScrollView_iOS_Example" */ = {
			isa = XCConfigurationList;
			buildConfigurations = (
				DF75D2EA209F4AF600685DB1 /* Debug */,
				DF75D2EB209F4AF600685DB1 /* Release */,
			);
			defaultConfigurationIsVisible = 0;
			defaultConfigurationName = Release;
		};
		DF75D2EC209F4AF600685DB1 /* Build configuration list for PBXNativeTarget "ReusableScrollView_iOS_ExampleTests" */ = {
			isa = XCConfigurationList;
			buildConfigurations = (
				DF75D2ED209F4AF600685DB1 /* Debug */,
				DF75D2EE209F4AF600685DB1 /* Release */,
			);
			defaultConfigurationIsVisible = 0;
			defaultConfigurationName = Release;
		};
/* End XCConfigurationList section */
	};
	rootObject = DF75D2C4209F4AF500685DB1 /* Project object */;
}
