// !$*UTF8*$!
{
	archiveVersion = 1;
	classes = {
	};
	objectVersion = 50;
	objects = {

/* Begin PBXBuildFile section */
		37B173A220BB39A500EA0742 /* ScrollEngine_7_Tests.swift in Sources */ = {isa = PBXBuildFile; fileRef = 37B173A120BB39A500EA0742 /* ScrollEngine_7_Tests.swift */; };
		37B173A420BB3CD800EA0742 /* ScrollEngine_8_Tests.swift in Sources */ = {isa = PBXBuildFile; fileRef = 37B173A320BB3CD800EA0742 /* ScrollEngine_8_Tests.swift */; };
		37B173A620BB428100EA0742 /* ScrollEngine_9_Tests.swift in Sources */ = {isa = PBXBuildFile; fileRef = 37B173A520BB428100EA0742 /* ScrollEngine_9_Tests.swift */; };
		37B173A920BB4AE700EA0742 /* ScrollEngine_10_Tests.swift in Sources */ = {isa = PBXBuildFile; fileRef = 37B173A820BB4AE700EA0742 /* ScrollEngine_10_Tests.swift */; };
		DF75D303209F4B1C00685DB1 /* ReusableScrollView.framework in Frameworks */ = {isa = PBXBuildFile; fileRef = DF75D2F9209F4B1C00685DB1 /* ReusableScrollView.framework */; };
		DF75D30A209F4B1C00685DB1 /* ReusableScrollView.h in Headers */ = {isa = PBXBuildFile; fileRef = DF75D2FC209F4B1C00685DB1 /* ReusableScrollView.h */; settings = {ATTRIBUTES = (Public, ); }; };
		DF75D322209F4CA100685DB1 /* ScrollViewModel.swift in Sources */ = {isa = PBXBuildFile; fileRef = DF75D31F209F4CA000685DB1 /* ScrollViewModel.swift */; };
		DF75D323209F4CA100685DB1 /* ServiceError.swift in Sources */ = {isa = PBXBuildFile; fileRef = DF75D320209F4CA000685DB1 /* ServiceError.swift */; };
		DF75D324209F4CA100685DB1 /* ScrollEngine.swift in Sources */ = {isa = PBXBuildFile; fileRef = DF75D321209F4CA000685DB1 /* ScrollEngine.swift */; };
		DF75D32D209F4CE500685DB1 /* ScrollEngine_3_Tests.swift in Sources */ = {isa = PBXBuildFile; fileRef = DF75D326209F4CE500685DB1 /* ScrollEngine_3_Tests.swift */; };
		DF75D32E209F4CE500685DB1 /* ScrollEngine_6_Tests.swift in Sources */ = {isa = PBXBuildFile; fileRef = DF75D327209F4CE500685DB1 /* ScrollEngine_6_Tests.swift */; };
		DF75D32F209F4CE500685DB1 /* ScrollEngine_5_Tests.swift in Sources */ = {isa = PBXBuildFile; fileRef = DF75D328209F4CE500685DB1 /* ScrollEngine_5_Tests.swift */; };
		DF75D330209F4CE500685DB1 /* ScrollEngineBase.swift in Sources */ = {isa = PBXBuildFile; fileRef = DF75D329209F4CE500685DB1 /* ScrollEngineBase.swift */; };
		DF75D331209F4CE500685DB1 /* ScrollEngine_2_Tests.swift in Sources */ = {isa = PBXBuildFile; fileRef = DF75D32A209F4CE500685DB1 /* ScrollEngine_2_Tests.swift */; };
		DF75D332209F4CE500685DB1 /* ScrollEngine_1_Tests.swift in Sources */ = {isa = PBXBuildFile; fileRef = DF75D32B209F4CE500685DB1 /* ScrollEngine_1_Tests.swift */; };
		DF75D333209F4CE500685DB1 /* ScrollEngine_4_Tests.swift in Sources */ = {isa = PBXBuildFile; fileRef = DF75D32C209F4CE500685DB1 /* ScrollEngine_4_Tests.swift */; };
		DFA1441D20AFE0AB00A8AB92 /* Logger.swift in Sources */ = {isa = PBXBuildFile; fileRef = DFA1441C20AFE0AB00A8AB92 /* Logger.swift */; };
		DFAC34ED20A32EF700E0189B /* ReusableScrollView.swift in Sources */ = {isa = PBXBuildFile; fileRef = DFAC34EC20A32EF700E0189B /* ReusableScrollView.swift */; };
		DFAC34EF20A3315700E0189B /* ReusableView.swift in Sources */ = {isa = PBXBuildFile; fileRef = DFAC34EE20A3315700E0189B /* ReusableView.swift */; };
/* End PBXBuildFile section */

/* Begin PBXContainerItemProxy section */
		DF75D304209F4B1C00685DB1 /* PBXContainerItemProxy */ = {
			isa = PBXContainerItemProxy;
			containerPortal = DF75D2F0209F4B1C00685DB1 /* Project object */;
			proxyType = 1;
			remoteGlobalIDString = DF75D2F8209F4B1C00685DB1;
			remoteInfo = ReusableScrollView;
		};
/* End PBXContainerItemProxy section */

/* Begin PBXFileReference section */
		37B173A120BB39A500EA0742 /* ScrollEngine_7_Tests.swift */ = {isa = PBXFileReference; fileEncoding = 4; lastKnownFileType = sourcecode.swift; path = ScrollEngine_7_Tests.swift; sourceTree = "<group>"; };
		37B173A320BB3CD800EA0742 /* ScrollEngine_8_Tests.swift */ = {isa = PBXFileReference; fileEncoding = 4; lastKnownFileType = sourcecode.swift; path = ScrollEngine_8_Tests.swift; sourceTree = "<group>"; };
		37B173A520BB428100EA0742 /* ScrollEngine_9_Tests.swift */ = {isa = PBXFileReference; fileEncoding = 4; lastKnownFileType = sourcecode.swift; path = ScrollEngine_9_Tests.swift; sourceTree = "<group>"; };
		37B173A820BB4AE700EA0742 /* ScrollEngine_10_Tests.swift */ = {isa = PBXFileReference; fileEncoding = 4; lastKnownFileType = sourcecode.swift; path = ScrollEngine_10_Tests.swift; sourceTree = "<group>"; };
		DF75D2F9209F4B1C00685DB1 /* ReusableScrollView.framework */ = {isa = PBXFileReference; explicitFileType = wrapper.framework; includeInIndex = 0; path = ReusableScrollView.framework; sourceTree = BUILT_PRODUCTS_DIR; };
		DF75D2FC209F4B1C00685DB1 /* ReusableScrollView.h */ = {isa = PBXFileReference; lastKnownFileType = sourcecode.c.h; path = ReusableScrollView.h; sourceTree = "<group>"; };
		DF75D2FD209F4B1C00685DB1 /* Info.plist */ = {isa = PBXFileReference; lastKnownFileType = text.plist.xml; path = Info.plist; sourceTree = "<group>"; };
		DF75D302209F4B1C00685DB1 /* ReusableScrollViewTests.xctest */ = {isa = PBXFileReference; explicitFileType = wrapper.cfbundle; includeInIndex = 0; path = ReusableScrollViewTests.xctest; sourceTree = BUILT_PRODUCTS_DIR; };
		DF75D309209F4B1C00685DB1 /* Info.plist */ = {isa = PBXFileReference; lastKnownFileType = text.plist.xml; path = Info.plist; sourceTree = "<group>"; };
		DF75D31F209F4CA000685DB1 /* ScrollViewModel.swift */ = {isa = PBXFileReference; fileEncoding = 4; lastKnownFileType = sourcecode.swift; path = ScrollViewModel.swift; sourceTree = "<group>"; };
		DF75D320209F4CA000685DB1 /* ServiceError.swift */ = {isa = PBXFileReference; fileEncoding = 4; lastKnownFileType = sourcecode.swift; path = ServiceError.swift; sourceTree = "<group>"; };
		DF75D321209F4CA000685DB1 /* ScrollEngine.swift */ = {isa = PBXFileReference; fileEncoding = 4; lastKnownFileType = sourcecode.swift; path = ScrollEngine.swift; sourceTree = "<group>"; };
		DF75D326209F4CE500685DB1 /* ScrollEngine_3_Tests.swift */ = {isa = PBXFileReference; fileEncoding = 4; lastKnownFileType = sourcecode.swift; path = ScrollEngine_3_Tests.swift; sourceTree = "<group>"; };
		DF75D327209F4CE500685DB1 /* ScrollEngine_6_Tests.swift */ = {isa = PBXFileReference; fileEncoding = 4; lastKnownFileType = sourcecode.swift; path = ScrollEngine_6_Tests.swift; sourceTree = "<group>"; };
		DF75D328209F4CE500685DB1 /* ScrollEngine_5_Tests.swift */ = {isa = PBXFileReference; fileEncoding = 4; lastKnownFileType = sourcecode.swift; path = ScrollEngine_5_Tests.swift; sourceTree = "<group>"; };
		DF75D329209F4CE500685DB1 /* ScrollEngineBase.swift */ = {isa = PBXFileReference; fileEncoding = 4; lastKnownFileType = sourcecode.swift; path = ScrollEngineBase.swift; sourceTree = "<group>"; };
		DF75D32A209F4CE500685DB1 /* ScrollEngine_2_Tests.swift */ = {isa = PBXFileReference; fileEncoding = 4; lastKnownFileType = sourcecode.swift; path = ScrollEngine_2_Tests.swift; sourceTree = "<group>"; };
		DF75D32B209F4CE500685DB1 /* ScrollEngine_1_Tests.swift */ = {isa = PBXFileReference; fileEncoding = 4; lastKnownFileType = sourcecode.swift; path = ScrollEngine_1_Tests.swift; sourceTree = "<group>"; };
		DF75D32C209F4CE500685DB1 /* ScrollEngine_4_Tests.swift */ = {isa = PBXFileReference; fileEncoding = 4; lastKnownFileType = sourcecode.swift; path = ScrollEngine_4_Tests.swift; sourceTree = "<group>"; };
		DFA1441C20AFE0AB00A8AB92 /* Logger.swift */ = {isa = PBXFileReference; lastKnownFileType = sourcecode.swift; path = Logger.swift; sourceTree = "<group>"; };
		DFAC34EC20A32EF700E0189B /* ReusableScrollView.swift */ = {isa = PBXFileReference; lastKnownFileType = sourcecode.swift; path = ReusableScrollView.swift; sourceTree = "<group>"; };
		DFAC34EE20A3315700E0189B /* ReusableView.swift */ = {isa = PBXFileReference; lastKnownFileType = sourcecode.swift; path = ReusableView.swift; sourceTree = "<group>"; };
/* End PBXFileReference section */

/* Begin PBXFrameworksBuildPhase section */
		DF75D2F5209F4B1C00685DB1 /* Frameworks */ = {
			isa = PBXFrameworksBuildPhase;
			buildActionMask = 2147483647;
			files = (
			);
			runOnlyForDeploymentPostprocessing = 0;
		};
		DF75D2FF209F4B1C00685DB1 /* Frameworks */ = {
			isa = PBXFrameworksBuildPhase;
			buildActionMask = 2147483647;
			files = (
				DF75D303209F4B1C00685DB1 /* ReusableScrollView.framework in Frameworks */,
			);
			runOnlyForDeploymentPostprocessing = 0;
		};
/* End PBXFrameworksBuildPhase section */

/* Begin PBXGroup section */
		DF75D2EF209F4B1C00685DB1 = {
			isa = PBXGroup;
			children = (
				DF75D2FB209F4B1C00685DB1 /* ReusableScrollView */,
				DF75D306209F4B1C00685DB1 /* ReusableScrollViewTests */,
				DF75D2FA209F4B1C00685DB1 /* Products */,
			);
			sourceTree = "<group>";
		};
		DF75D2FA209F4B1C00685DB1 /* Products */ = {
			isa = PBXGroup;
			children = (
				DF75D2F9209F4B1C00685DB1 /* ReusableScrollView.framework */,
				DF75D302209F4B1C00685DB1 /* ReusableScrollViewTests.xctest */,
			);
			name = Products;
			sourceTree = "<group>";
		};
		DF75D2FB209F4B1C00685DB1 /* ReusableScrollView */ = {
			isa = PBXGroup;
			children = (
				DF75D321209F4CA000685DB1 /* ScrollEngine.swift */,
				DF75D31F209F4CA000685DB1 /* ScrollViewModel.swift */,
				DF75D320209F4CA000685DB1 /* ServiceError.swift */,
				DFAC34EE20A3315700E0189B /* ReusableView.swift */,
				DFAC34EC20A32EF700E0189B /* ReusableScrollView.swift */,
				DF75D2FC209F4B1C00685DB1 /* ReusableScrollView.h */,
				DFA1441C20AFE0AB00A8AB92 /* Logger.swift */,
				DF75D2FD209F4B1C00685DB1 /* Info.plist */,
			);
			path = ReusableScrollView;
			sourceTree = "<group>";
		};
		DF75D306209F4B1C00685DB1 /* ReusableScrollViewTests */ = {
			isa = PBXGroup;
			children = (
				DFB09BA72100F33E001C628F /* ReusableScrollView_Suite */,
				DF75D325209F4CE500685DB1 /* ScrollEngineBasic_Suite */,
				DF75D309209F4B1C00685DB1 /* Info.plist */,
			);
			path = ReusableScrollViewTests;
			sourceTree = "<group>";
		};
		DF75D325209F4CE500685DB1 /* ScrollEngineBasic_Suite */ = {
			isa = PBXGroup;
			children = (
				DF75D329209F4CE500685DB1 /* ScrollEngineBase.swift */,
				DF75D32B209F4CE500685DB1 /* ScrollEngine_1_Tests.swift */,
				DF75D32A209F4CE500685DB1 /* ScrollEngine_2_Tests.swift */,
				DF75D326209F4CE500685DB1 /* ScrollEngine_3_Tests.swift */,
				DF75D32C209F4CE500685DB1 /* ScrollEngine_4_Tests.swift */,
				DF75D328209F4CE500685DB1 /* ScrollEngine_5_Tests.swift */,
				DF75D327209F4CE500685DB1 /* ScrollEngine_6_Tests.swift */,
				37B173A120BB39A500EA0742 /* ScrollEngine_7_Tests.swift */,
				37B173A320BB3CD800EA0742 /* ScrollEngine_8_Tests.swift */,
				37B173A520BB428100EA0742 /* ScrollEngine_9_Tests.swift */,
				37B173A820BB4AE700EA0742 /* ScrollEngine_10_Tests.swift */,
			);
			path = ScrollEngineBasic_Suite;
			sourceTree = "<group>";
		};
		DFB09BA72100F33E001C628F /* ReusableScrollView_Suite */ = {
			isa = PBXGroup;
			children = (
			);
			path = ReusableScrollView_Suite;
			sourceTree = "<group>";
		};
/* End PBXGroup section */

/* Begin PBXHeadersBuildPhase section */
		DF75D2F6209F4B1C00685DB1 /* Headers */ = {
			isa = PBXHeadersBuildPhase;
			buildActionMask = 2147483647;
			files = (
				DF75D30A209F4B1C00685DB1 /* ReusableScrollView.h in Headers */,
			);
			runOnlyForDeploymentPostprocessing = 0;
		};
/* End PBXHeadersBuildPhase section */

/* Begin PBXNativeTarget section */
		DF75D2F8209F4B1C00685DB1 /* ReusableScrollView */ = {
			isa = PBXNativeTarget;
			buildConfigurationList = DF75D30D209F4B1C00685DB1 /* Build configuration list for PBXNativeTarget "ReusableScrollView" */;
			buildPhases = (
				DF75D2F4209F4B1C00685DB1 /* Sources */,
				DF75D2F5209F4B1C00685DB1 /* Frameworks */,
				DF75D2F6209F4B1C00685DB1 /* Headers */,
				DF75D2F7209F4B1C00685DB1 /* Resources */,
			);
			buildRules = (
			);
			dependencies = (
			);
			name = ReusableScrollView;
			productName = ReusableScrollView;
			productReference = DF75D2F9209F4B1C00685DB1 /* ReusableScrollView.framework */;
			productType = "com.apple.product-type.framework";
		};
		DF75D301209F4B1C00685DB1 /* ReusableScrollViewTests */ = {
			isa = PBXNativeTarget;
			buildConfigurationList = DF75D310209F4B1C00685DB1 /* Build configuration list for PBXNativeTarget "ReusableScrollViewTests" */;
			buildPhases = (
				DF75D2FE209F4B1C00685DB1 /* Sources */,
				DF75D2FF209F4B1C00685DB1 /* Frameworks */,
				DF75D300209F4B1C00685DB1 /* Resources */,
			);
			buildRules = (
			);
			dependencies = (
				DF75D305209F4B1C00685DB1 /* PBXTargetDependency */,
			);
			name = ReusableScrollViewTests;
			productName = ReusableScrollViewTests;
			productReference = DF75D302209F4B1C00685DB1 /* ReusableScrollViewTests.xctest */;
			productType = "com.apple.product-type.bundle.unit-test";
		};
/* End PBXNativeTarget section */

/* Begin PBXProject section */
		DF75D2F0209F4B1C00685DB1 /* Project object */ = {
			isa = PBXProject;
			attributes = {
				LastSwiftUpdateCheck = 0930;
				LastUpgradeCheck = 0930;
				ORGANIZATIONNAME = sumofighter666;
				TargetAttributes = {
					DF75D2F8209F4B1C00685DB1 = {
						CreatedOnToolsVersion = 9.3;
						LastSwiftMigration = 0930;
					};
					DF75D301209F4B1C00685DB1 = {
						CreatedOnToolsVersion = 9.3;
					};
				};
			};
			buildConfigurationList = DF75D2F3209F4B1C00685DB1 /* Build configuration list for PBXProject "ReusableScrollView" */;
			compatibilityVersion = "Xcode 9.3";
			developmentRegion = en;
			hasScannedForEncodings = 0;
			knownRegions = (
				en,
			);
			mainGroup = DF75D2EF209F4B1C00685DB1;
			productRefGroup = DF75D2FA209F4B1C00685DB1 /* Products */;
			projectDirPath = "";
			projectRoot = "";
			targets = (
				DF75D2F8209F4B1C00685DB1 /* ReusableScrollView */,
				DF75D301209F4B1C00685DB1 /* ReusableScrollViewTests */,
			);
		};
/* End PBXProject section */

/* Begin PBXResourcesBuildPhase section */
		DF75D2F7209F4B1C00685DB1 /* Resources */ = {
			isa = PBXResourcesBuildPhase;
			buildActionMask = 2147483647;
			files = (
			);
			runOnlyForDeploymentPostprocessing = 0;
		};
		DF75D300209F4B1C00685DB1 /* Resources */ = {
			isa = PBXResourcesBuildPhase;
			buildActionMask = 2147483647;
			files = (
			);
			runOnlyForDeploymentPostprocessing = 0;
		};
/* End PBXResourcesBuildPhase section */

/* Begin PBXSourcesBuildPhase section */
		DF75D2F4209F4B1C00685DB1 /* Sources */ = {
			isa = PBXSourcesBuildPhase;
			buildActionMask = 2147483647;
			files = (
				DFAC34ED20A32EF700E0189B /* ReusableScrollView.swift in Sources */,
				DFA1441D20AFE0AB00A8AB92 /* Logger.swift in Sources */,
				DFAC34EF20A3315700E0189B /* ReusableView.swift in Sources */,
				DF75D324209F4CA100685DB1 /* ScrollEngine.swift in Sources */,
				DF75D323209F4CA100685DB1 /* ServiceError.swift in Sources */,
				DF75D322209F4CA100685DB1 /* ScrollViewModel.swift in Sources */,
			);
			runOnlyForDeploymentPostprocessing = 0;
		};
		DF75D2FE209F4B1C00685DB1 /* Sources */ = {
			isa = PBXSourcesBuildPhase;
			buildActionMask = 2147483647;
			files = (
				37B173A620BB428100EA0742 /* ScrollEngine_9_Tests.swift in Sources */,
				DF75D32F209F4CE500685DB1 /* ScrollEngine_5_Tests.swift in Sources */,
				DF75D330209F4CE500685DB1 /* ScrollEngineBase.swift in Sources */,
				37B173A420BB3CD800EA0742 /* ScrollEngine_8_Tests.swift in Sources */,
				37B173A220BB39A500EA0742 /* ScrollEngine_7_Tests.swift in Sources */,
				DF75D32D209F4CE500685DB1 /* ScrollEngine_3_Tests.swift in Sources */,
				DF75D32E209F4CE500685DB1 /* ScrollEngine_6_Tests.swift in Sources */,
				37B173A920BB4AE700EA0742 /* ScrollEngine_10_Tests.swift in Sources */,
				DF75D332209F4CE500685DB1 /* ScrollEngine_1_Tests.swift in Sources */,
				DF75D331209F4CE500685DB1 /* ScrollEngine_2_Tests.swift in Sources */,
				DF75D333209F4CE500685DB1 /* ScrollEngine_4_Tests.swift in Sources */,
			);
			runOnlyForDeploymentPostprocessing = 0;
		};
/* End PBXSourcesBuildPhase section */

/* Begin PBXTargetDependency section */
		DF75D305209F4B1C00685DB1 /* PBXTargetDependency */ = {
			isa = PBXTargetDependency;
			target = DF75D2F8209F4B1C00685DB1 /* ReusableScrollView */;
			targetProxy = DF75D304209F4B1C00685DB1 /* PBXContainerItemProxy */;
		};
/* End PBXTargetDependency section */

/* Begin XCBuildConfiguration section */
		DF75D30B209F4B1C00685DB1 /* Debug */ = {
			isa = XCBuildConfiguration;
			buildSettings = {
				ALWAYS_SEARCH_USER_PATHS = NO;
				CLANG_ANALYZER_NONNULL = YES;
				CLANG_ANALYZER_NUMBER_OBJECT_CONVERSION = YES_AGGRESSIVE;
				CLANG_CXX_LANGUAGE_STANDARD = "gnu++14";
				CLANG_CXX_LIBRARY = "libc++";
				CLANG_ENABLE_MODULES = YES;
				CLANG_ENABLE_OBJC_ARC = YES;
				CLANG_ENABLE_OBJC_WEAK = YES;
				CLANG_WARN_BLOCK_CAPTURE_AUTORELEASING = YES;
				CLANG_WARN_BOOL_CONVERSION = YES;
				CLANG_WARN_COMMA = YES;
				CLANG_WARN_CONSTANT_CONVERSION = YES;
				CLANG_WARN_DEPRECATED_OBJC_IMPLEMENTATIONS = YES;
				CLANG_WARN_DIRECT_OBJC_ISA_USAGE = YES_ERROR;
				CLANG_WARN_DOCUMENTATION_COMMENTS = YES;
				CLANG_WARN_EMPTY_BODY = YES;
				CLANG_WARN_ENUM_CONVERSION = YES;
				CLANG_WARN_INFINITE_RECURSION = YES;
				CLANG_WARN_INT_CONVERSION = YES;
				CLANG_WARN_NON_LITERAL_NULL_CONVERSION = YES;
				CLANG_WARN_OBJC_IMPLICIT_RETAIN_SELF = YES;
				CLANG_WARN_OBJC_LITERAL_CONVERSION = YES;
				CLANG_WARN_OBJC_ROOT_CLASS = YES_ERROR;
				CLANG_WARN_RANGE_LOOP_ANALYSIS = YES;
				CLANG_WARN_STRICT_PROTOTYPES = YES;
				CLANG_WARN_SUSPICIOUS_MOVE = YES;
				CLANG_WARN_UNGUARDED_AVAILABILITY = YES_AGGRESSIVE;
				CLANG_WARN_UNREACHABLE_CODE = YES;
				CLANG_WARN__DUPLICATE_METHOD_MATCH = YES;
				CODE_SIGN_IDENTITY = "iPhone Developer";
				COPY_PHASE_STRIP = NO;
				CURRENT_PROJECT_VERSION = 1;
				DEBUG_INFORMATION_FORMAT = dwarf;
				ENABLE_STRICT_OBJC_MSGSEND = YES;
				ENABLE_TESTABILITY = YES;
				GCC_C_LANGUAGE_STANDARD = gnu11;
				GCC_DYNAMIC_NO_PIC = NO;
				GCC_NO_COMMON_BLOCKS = YES;
				GCC_OPTIMIZATION_LEVEL = 0;
				GCC_PREPROCESSOR_DEFINITIONS = (
					"DEBUG=1",
					"$(inherited)",
				);
				GCC_WARN_64_TO_32_BIT_CONVERSION = YES;
				GCC_WARN_ABOUT_RETURN_TYPE = YES_ERROR;
				GCC_WARN_UNDECLARED_SELECTOR = YES;
				GCC_WARN_UNINITIALIZED_AUTOS = YES_AGGRESSIVE;
				GCC_WARN_UNUSED_FUNCTION = YES;
				GCC_WARN_UNUSED_VARIABLE = YES;
				IPHONEOS_DEPLOYMENT_TARGET = 11.3;
				MTL_ENABLE_DEBUG_INFO = YES;
				ONLY_ACTIVE_ARCH = YES;
				SDKROOT = iphoneos;
				SWIFT_ACTIVE_COMPILATION_CONDITIONS = DEBUG;
				SWIFT_OPTIMIZATION_LEVEL = "-Onone";
				VERSIONING_SYSTEM = "apple-generic";
				VERSION_INFO_PREFIX = "";
			};
			name = Debug;
		};
		DF75D30C209F4B1C00685DB1 /* Release */ = {
			isa = XCBuildConfiguration;
			buildSettings = {
				ALWAYS_SEARCH_USER_PATHS = NO;
				CLANG_ANALYZER_NONNULL = YES;
				CLANG_ANALYZER_NUMBER_OBJECT_CONVERSION = YES_AGGRESSIVE;
				CLANG_CXX_LANGUAGE_STANDARD = "gnu++14";
				CLANG_CXX_LIBRARY = "libc++";
				CLANG_ENABLE_MODULES = YES;
				CLANG_ENABLE_OBJC_ARC = YES;
				CLANG_ENABLE_OBJC_WEAK = YES;
				CLANG_WARN_BLOCK_CAPTURE_AUTORELEASING = YES;
				CLANG_WARN_BOOL_CONVERSION = YES;
				CLANG_WARN_COMMA = YES;
				CLANG_WARN_CONSTANT_CONVERSION = YES;
				CLANG_WARN_DEPRECATED_OBJC_IMPLEMENTATIONS = YES;
				CLANG_WARN_DIRECT_OBJC_ISA_USAGE = YES_ERROR;
				CLANG_WARN_DOCUMENTATION_COMMENTS = YES;
				CLANG_WARN_EMPTY_BODY = YES;
				CLANG_WARN_ENUM_CONVERSION = YES;
				CLANG_WARN_INFINITE_RECURSION = YES;
				CLANG_WARN_INT_CONVERSION = YES;
				CLANG_WARN_NON_LITERAL_NULL_CONVERSION = YES;
				CLANG_WARN_OBJC_IMPLICIT_RETAIN_SELF = YES;
				CLANG_WARN_OBJC_LITERAL_CONVERSION = YES;
				CLANG_WARN_OBJC_ROOT_CLASS = YES_ERROR;
				CLANG_WARN_RANGE_LOOP_ANALYSIS = YES;
				CLANG_WARN_STRICT_PROTOTYPES = YES;
				CLANG_WARN_SUSPICIOUS_MOVE = YES;
				CLANG_WARN_UNGUARDED_AVAILABILITY = YES_AGGRESSIVE;
				CLANG_WARN_UNREACHABLE_CODE = YES;
				CLANG_WARN__DUPLICATE_METHOD_MATCH = YES;
				CODE_SIGN_IDENTITY = "iPhone Developer";
				COPY_PHASE_STRIP = NO;
				CURRENT_PROJECT_VERSION = 1;
				DEBUG_INFORMATION_FORMAT = "dwarf-with-dsym";
				ENABLE_NS_ASSERTIONS = NO;
				ENABLE_STRICT_OBJC_MSGSEND = YES;
				GCC_C_LANGUAGE_STANDARD = gnu11;
				GCC_NO_COMMON_BLOCKS = YES;
				GCC_WARN_64_TO_32_BIT_CONVERSION = YES;
				GCC_WARN_ABOUT_RETURN_TYPE = YES_ERROR;
				GCC_WARN_UNDECLARED_SELECTOR = YES;
				GCC_WARN_UNINITIALIZED_AUTOS = YES_AGGRESSIVE;
				GCC_WARN_UNUSED_FUNCTION = YES;
				GCC_WARN_UNUSED_VARIABLE = YES;
				IPHONEOS_DEPLOYMENT_TARGET = 11.3;
				MTL_ENABLE_DEBUG_INFO = NO;
				SDKROOT = iphoneos;
				SWIFT_COMPILATION_MODE = wholemodule;
				SWIFT_OPTIMIZATION_LEVEL = "-O";
				VALIDATE_PRODUCT = YES;
				VERSIONING_SYSTEM = "apple-generic";
				VERSION_INFO_PREFIX = "";
			};
			name = Release;
		};
		DF75D30E209F4B1C00685DB1 /* Debug */ = {
			isa = XCBuildConfiguration;
			buildSettings = {
				CLANG_ENABLE_MODULES = YES;
				CODE_SIGN_IDENTITY = "";
				CODE_SIGN_STYLE = Automatic;
				DEFINES_MODULE = YES;
				DYLIB_COMPATIBILITY_VERSION = 1;
				DYLIB_CURRENT_VERSION = 1;
				DYLIB_INSTALL_NAME_BASE = "@rpath";
				INFOPLIST_FILE = ReusableScrollView/Info.plist;
				INSTALL_PATH = "$(LOCAL_LIBRARY_DIR)/Frameworks";
				LD_RUNPATH_SEARCH_PATHS = (
					"$(inherited)",
					"@executable_path/Frameworks",
					"@loader_path/Frameworks",
				);
				PRODUCT_BUNDLE_IDENTIFIER = sumofighter666.ReusableScrollView;
				PRODUCT_MODULE_NAME = "$(PRODUCT_NAME:c99extidentifier)";
				PRODUCT_NAME = "$(TARGET_NAME:c99extidentifier)";
				SKIP_INSTALL = YES;
				SWIFT_OPTIMIZATION_LEVEL = "-Onone";
				SWIFT_VERSION = 4.0;
				TARGETED_DEVICE_FAMILY = "1,2";
			};
			name = Debug;
		};
		DF75D30F209F4B1C00685DB1 /* Release */ = {
			isa = XCBuildConfiguration;
			buildSettings = {
				CLANG_ENABLE_MODULES = YES;
				CODE_SIGN_IDENTITY = "";
				CODE_SIGN_STYLE = Automatic;
				DEFINES_MODULE = YES;
				DYLIB_COMPATIBILITY_VERSION = 1;
				DYLIB_CURRENT_VERSION = 1;
				DYLIB_INSTALL_NAME_BASE = "@rpath";
				INFOPLIST_FILE = ReusableScrollView/Info.plist;
				INSTALL_PATH = "$(LOCAL_LIBRARY_DIR)/Frameworks";
				LD_RUNPATH_SEARCH_PATHS = (
					"$(inherited)",
					"@executable_path/Frameworks",
					"@loader_path/Frameworks",
				);
				PRODUCT_BUNDLE_IDENTIFIER = sumofighter666.ReusableScrollView;
				PRODUCT_MODULE_NAME = "$(PRODUCT_NAME:c99extidentifier)";
				PRODUCT_NAME = "$(TARGET_NAME:c99extidentifier)";
				SKIP_INSTALL = YES;
				SWIFT_VERSION = 4.0;
				TARGETED_DEVICE_FAMILY = "1,2";
			};
			name = Release;
		};
		DF75D311209F4B1C00685DB1 /* Debug */ = {
			isa = XCBuildConfiguration;
			buildSettings = {
				ALWAYS_EMBED_SWIFT_STANDARD_LIBRARIES = YES;
				CODE_SIGN_STYLE = Automatic;
				INFOPLIST_FILE = ReusableScrollViewTests/Info.plist;
				LD_RUNPATH_SEARCH_PATHS = (
					"$(inherited)",
					"@executable_path/Frameworks",
					"@loader_path/Frameworks",
				);
				PRODUCT_BUNDLE_IDENTIFIER = sumofighter666.ReusableScrollViewTests;
				PRODUCT_NAME = "$(TARGET_NAME)";
				SWIFT_VERSION = 4.0;
				TARGETED_DEVICE_FAMILY = "1,2";
			};
			name = Debug;
		};
		DF75D312209F4B1C00685DB1 /* Release */ = {
			isa = XCBuildConfiguration;
			buildSettings = {
				ALWAYS_EMBED_SWIFT_STANDARD_LIBRARIES = YES;
				CODE_SIGN_STYLE = Automatic;
				INFOPLIST_FILE = ReusableScrollViewTests/Info.plist;
				LD_RUNPATH_SEARCH_PATHS = (
					"$(inherited)",
					"@executable_path/Frameworks",
					"@loader_path/Frameworks",
				);
				PRODUCT_BUNDLE_IDENTIFIER = sumofighter666.ReusableScrollViewTests;
				PRODUCT_NAME = "$(TARGET_NAME)";
				SWIFT_VERSION = 4.0;
				TARGETED_DEVICE_FAMILY = "1,2";
			};
			name = Release;
		};
/* End XCBuildConfiguration section */

/* Begin XCConfigurationList section */
		DF75D2F3209F4B1C00685DB1 /* Build configuration list for PBXProject "ReusableScrollView" */ = {
			isa = XCConfigurationList;
			buildConfigurations = (
				DF75D30B209F4B1C00685DB1 /* Debug */,
				DF75D30C209F4B1C00685DB1 /* Release */,
			);
			defaultConfigurationIsVisible = 0;
			defaultConfigurationName = Release;
		};
		DF75D30D209F4B1C00685DB1 /* Build configuration list for PBXNativeTarget "ReusableScrollView" */ = {
			isa = XCConfigurationList;
			buildConfigurations = (
				DF75D30E209F4B1C00685DB1 /* Debug */,
				DF75D30F209F4B1C00685DB1 /* Release */,
			);
			defaultConfigurationIsVisible = 0;
			defaultConfigurationName = Release;
		};
		DF75D310209F4B1C00685DB1 /* Build configuration list for PBXNativeTarget "ReusableScrollViewTests" */ = {
			isa = XCConfigurationList;
			buildConfigurations = (
				DF75D311209F4B1C00685DB1 /* Debug */,
				DF75D312209F4B1C00685DB1 /* Release */,
			);
			defaultConfigurationIsVisible = 0;
			defaultConfigurationName = Release;
		};
/* End XCConfigurationList section */
	};
	rootObject = DF75D2F0209F4B1C00685DB1 /* Project object */;
}
